{
  "name": "SwiftyEditBackendTheme",
  "version": "1.0.0",
  "lockfileVersion": 1,
  "requires": true,
  "dependencies": {
    "@eonasdan/tempus-dominus": {
      "version": "6.9.5",
      "resolved": "https://registry.npmjs.org/@eonasdan/tempus-dominus/-/tempus-dominus-6.9.5.tgz",
      "integrity": "sha512-ZH768JZx6K1iw8UpZq9AG1VK2gK4G8wApfwi+nhnfuIpXqIjZit4fgoCWQhofEDORxC8dlg4OCjuvPhn7TB9vg=="
    },
    "@popperjs/core": {
      "version": "2.11.8",
      "resolved": "https://registry.npmjs.org/@popperjs/core/-/core-2.11.8.tgz",
      "integrity": "sha512-P1st0aksCrn9sGZhp8GMYwBnQsbvAWsZAX44oXNNvLHGqAOcoVxmjZiohstwQ7SqKnbR47akdNi+uleWD8+g6A=="
    },
    "@tinymce/tinymce-jquery": {
      "version": "2.1.0",
      "resolved": "https://registry.npmjs.org/@tinymce/tinymce-jquery/-/tinymce-jquery-2.1.0.tgz",
      "integrity": "sha512-ynfgfL/n5/Us7h3AnJL3mAwsShuE/USvAJFOdilJDkZuVCypWSwVVo3E3wIqSzDGvqyU+293ok1+sD+jxraT8w=="
    },
    "accounting": {
      "version": "0.4.1",
      "resolved": "https://registry.npmjs.org/accounting/-/accounting-0.4.1.tgz",
      "integrity": "sha1-h91BA+/39EYPHhhvXGd+1s9WaIM="
    },
    "ace-builds": {
      "version": "1.32.7",
      "resolved": "https://registry.npmjs.org/ace-builds/-/ace-builds-1.32.7.tgz",
      "integrity": "sha512-ziv35kaYELFw4suWlotz/Xsl1/1LhWAbwFoD3zIgCgP9gXGECEsAM4GhiB0T0xZdmQjyv6hmAzO280g0+n4vGw=="
    },
    "bootstrap": {
      "version": "5.3.2",
      "resolved": "https://registry.npmjs.org/bootstrap/-/bootstrap-5.3.2.tgz",
      "integrity": "sha512-D32nmNWiQHo94BKHLmOrdjlL05q1c8oxbtBphQFb9Z5to6eGRDCm0QgeaZ4zFBHzfg2++rqa2JkqCcxDy0sH0g=="
    },
    "bootstrap-icons": {
      "version": "1.11.3",
      "resolved": "https://registry.npmjs.org/bootstrap-icons/-/bootstrap-icons-1.11.3.tgz",
      "integrity": "sha512-+3lpHrCw/it2/7lBL15VR0HEumaBss0+f/Lb6ZvHISn1mlK83jjFpooTLsMWbIjJMDjDjOExMsTxnXSIT4k4ww=="
    },
    "bootstrap-tagsinput-2021": {
      "version": "0.8.6",
      "resolved": "https://registry.npmjs.org/bootstrap-tagsinput-2021/-/bootstrap-tagsinput-2021-0.8.6.tgz",
      "integrity": "sha512-/ZbR3Hl6BtpbuVuoXPxiyoh4a4fKyoyKn4pFXyL4fGEEQ3uwPS4/urrJ5O9ew2WkfBkJUdHnCLtNuVeUlz6HoA=="
    },
    "clipboard": {
      "version": "2.0.11",
      "resolved": "https://registry.npmjs.org/clipboard/-/clipboard-2.0.11.tgz",
      "integrity": "sha512-C+0bbOqkezLIsmWSvlsXS0Q0bmkugu7jcfMIACB+RDEntIzQIkdr148we28AfSloQLRdZlYL/QYyrq05j/3Faw==",
      "requires": {
        "good-listener": "^1.2.2",
        "select": "^1.1.2",
        "tiny-emitter": "^2.0.0"
      }
    },
    "delegate": {
      "version": "3.2.0",
      "resolved": "https://registry.npmjs.org/delegate/-/delegate-3.2.0.tgz",
      "integrity": "sha512-IofjkYBZaZivn0V8nnsMJGBr4jVLxHDheKSW88PyxS5QC4Vo9ZbZVvhzlSxY87fVq3STR6r+4cGepyHkcWOQSw=="
    },
    "dropzone": {
      "version": "5.9.3",
      "resolved": "https://registry.npmjs.org/dropzone/-/dropzone-5.9.3.tgz",
      "integrity": "sha512-Azk8kD/2/nJIuVPK+zQ9sjKMRIpRvNyqn9XwbBHNq+iNuSccbJS6hwm1Woy0pMST0erSo0u4j+KJaodndDk4vA=="
    },
    "good-listener": {
      "version": "1.2.2",
      "resolved": "https://registry.npmjs.org/good-listener/-/good-listener-1.2.2.tgz",
      "integrity": "sha1-1TswzfkxPf+33JoNR3CWqm0UXFA=",
      "requires": {
        "delegate": "^3.1.2"
      }
    },
    "htmx.org": {
      "version": "1.9.10",
      "resolved": "https://registry.npmjs.org/htmx.org/-/htmx.org-1.9.10.tgz",
      "integrity": "sha512-UgchasltTCrTuU2DQLom3ohHrBvwr7OqpwyAVJ9VxtNBng4XKkVsqrv0Qr3srqvM9ZNI3f1MmvVQQqK7KW/bTA==",
      "dev": true
    },
    "jquery": {
      "version": "3.7.1",
      "resolved": "https://registry.npmjs.org/jquery/-/jquery-3.7.1.tgz",
      "integrity": "sha512-m4avr8yL8kmFN8psrbFFFmB/If14iN5o9nw/NgnnM+kybDJpRsAynV2BsfpTYrTRysYUdADVD7CkUUizgkpLfg=="
    },
    "jquery-sortablejs": {
      "version": "1.0.1",
      "resolved": "https://registry.npmjs.org/jquery-sortablejs/-/jquery-sortablejs-1.0.1.tgz",
      "integrity": "sha512-tKSyPMC+VfepxfFngVDmOJeYEGakzGHYh+/FgqzqHYJa29cN8i6LN0xlCI8Oc0ShTBWqra+zOgQmlydAVaeWkg==",
      "dev": true
    },
    "jquery-text-counter": {
      "version": "0.9.0",
      "resolved": "https://registry.npmjs.org/jquery-text-counter/-/jquery-text-counter-0.9.0.tgz",
      "integrity": "sha512-S6K/QQhHgprxNlK6Fjfal8vOjTFXEOBMAsytlL0S9g6Ui7Eu/eiGRps11hhevuFjzTA2KEU+JnVHQt/8lX0L0A==",
      "requires": {
        "jquery": ">=1.5"
      }
    },
    "jquery.dirtyforms": {
      "version": "2.0.0",
      "resolved": "https://registry.npmjs.org/jquery.dirtyforms/-/jquery.dirtyforms-2.0.0.tgz",
      "integrity": "sha1-ClMBFZXT0ZwsgcDpG6AHhDntDS0=",
      "requires": {
        "jquery": ">=1.4.2"
      }
    },
    "moment": {
      "version": "2.30.1",
      "resolved": "https://registry.npmjs.org/moment/-/moment-2.30.1.tgz",
      "integrity": "sha512-uEmtNhbDOrWPFS+hdjFCBfy9f2YoyzRpwcl+DqpC6taX21FzsTLQVbMV/W7PzNSX6x/bhC1zA3c2UQ5NzH6how=="
    },
    "select": {
      "version": "1.1.2",
      "resolved": "https://registry.npmjs.org/select/-/select-1.1.2.tgz",
      "integrity": "sha1-DnNQrN7ICxEIUoeG7B1EGNEbOW0="
    },
    "sortablejs": {
      "version": "1.15.2",
      "resolved": "https://registry.npmjs.org/sortablejs/-/sortablejs-1.15.2.tgz",
      "integrity": "sha512-FJF5jgdfvoKn1MAKSdGs33bIqLi3LmsgVTliuX6iITj834F+JRQZN90Z93yql8h0K2t0RwDPBmxwlbZfDcxNZA==",
      "dev": true
    },
    "tags-input": {
      "version": "1.1.1",
      "resolved": "https://registry.npmjs.org/tags-input/-/tags-input-1.1.1.tgz",
      "integrity": "sha512-G/COx3Jpys2atJyTrHAebOLxk8ZeQ5o0RUuiiQDhr41ejHYOC8jzMy1pmON5YRW9scndQovbxFsS99QR4WeuVg=="
    },
    "tiny-emitter": {
      "version": "2.1.0",
      "resolved": "https://registry.npmjs.org/tiny-emitter/-/tiny-emitter-2.1.0.tgz",
      "integrity": "sha512-NB6Dk1A9xgQPMoGqC5CVXn123gWyte215ONT5Pp5a0yt4nlEoO1ZWeCwpncaekPHXO60i47ihFnZPiRPjRMq4Q=="
    },
    "tinymce": {
      "version": "6.8.3",
      "resolved": "https://registry.npmjs.org/tinymce/-/tinymce-6.8.3.tgz",
      "integrity": "sha512-3fCHKAeqT+xNwBVESf6iDbDV0VNwZNmfrkx9c/6Gz5iB8piMfaO6s7FvoiTrj1hf1gVbfyLTnz1DooI6DhgINQ=="
    }
  }
}
